// !$*UTF8*$!
{
	archiveVersion = 1;
	classes = {
	};
	objectVersion = 46;
	objects = {

/* Begin PBXBuildFile section */
		53069841195ACE0600BD275F /* ArtWork.swift in Sources */ = {isa = PBXBuildFile; fileRef = 53069840195ACE0600BD275F /* ArtWork.swift */; };
		53312956194B319E005187D8 /* AppDelegate.swift in Sources */ = {isa = PBXBuildFile; fileRef = 53312955194B319E005187D8 /* AppDelegate.swift */; };
		53312958194B319E005187D8 /* ViewController.swift in Sources */ = {isa = PBXBuildFile; fileRef = 53312957194B319E005187D8 /* ViewController.swift */; };
		5331295D194B319E005187D8 /* Images.xcassets in Resources */ = {isa = PBXBuildFile; fileRef = 5331295C194B319E005187D8 /* Images.xcassets */; };
		53312969194B319E005187D8 /* SwiftTestTests.swift in Sources */ = {isa = PBXBuildFile; fileRef = 53312968194B319E005187D8 /* SwiftTestTests.swift */; };
		53507E70196182500025276F /* libsqlite3.dylib in Frameworks */ = {isa = PBXBuildFile; fileRef = 53507E6F196182500025276F /* libsqlite3.dylib */; };
		53BA93F0195C647C0097676F /* Main.storyboard in Resources */ = {isa = PBXBuildFile; fileRef = 53BA93EE195C647C0097676F /* Main.storyboard */; };
		53BA941F195C6C8A0097676F /* NextViewController.swift in Sources */ = {isa = PBXBuildFile; fileRef = 53BA941E195C6C8A0097676F /* NextViewController.swift */; };
		53EEE8881964097C008ED249 /* Bridge.m in Sources */ = {isa = PBXBuildFile; fileRef = 53EEE8861964097C008ED249 /* Bridge.m */; };
		53EEE88A196409E8008ED249 /* SQLiteDB.swift in Sources */ = {isa = PBXBuildFile; fileRef = 53EEE889196409E8008ED249 /* SQLiteDB.swift */; };
/* End PBXBuildFile section */

/* Begin PBXContainerItemProxy section */
		53312963194B319E005187D8 /* PBXContainerItemProxy */ = {
			isa = PBXContainerItemProxy;
			containerPortal = 53312948194B319E005187D8 /* Project object */;
			proxyType = 1;
			remoteGlobalIDString = 5331294F194B319E005187D8;
			remoteInfo = SwiftTest;
		};
/* End PBXContainerItemProxy section */

/* Begin PBXFileReference section */
		53069840195ACE0600BD275F /* ArtWork.swift */ = {isa = PBXFileReference; fileEncoding = 4; lastKnownFileType = sourcecode.swift; path = ArtWork.swift; sourceTree = "<group>"; };
		53312950194B319E005187D8 /* SwiftTest.app */ = {isa = PBXFileReference; explicitFileType = wrapper.application; includeInIndex = 0; path = SwiftTest.app; sourceTree = BUILT_PRODUCTS_DIR; };
		53312954194B319E005187D8 /* Info.plist */ = {isa = PBXFileReference; lastKnownFileType = text.plist.xml; path = Info.plist; sourceTree = "<group>"; };
		53312955194B319E005187D8 /* AppDelegate.swift */ = {isa = PBXFileReference; lastKnownFileType = sourcecode.swift; path = AppDelegate.swift; sourceTree = "<group>"; };
		53312957194B319E005187D8 /* ViewController.swift */ = {isa = PBXFileReference; lastKnownFileType = sourcecode.swift; path = ViewController.swift; sourceTree = "<group>"; };
		5331295C194B319E005187D8 /* Images.xcassets */ = {isa = PBXFileReference; lastKnownFileType = folder.assetcatalog; path = Images.xcassets; sourceTree = "<group>"; };
		53312962194B319E005187D8 /* SwiftTestTests.xctest */ = {isa = PBXFileReference; explicitFileType = wrapper.cfbundle; includeInIndex = 0; path = SwiftTestTests.xctest; sourceTree = BUILT_PRODUCTS_DIR; };
		53312967194B319E005187D8 /* Info.plist */ = {isa = PBXFileReference; lastKnownFileType = text.plist.xml; path = Info.plist; sourceTree = "<group>"; };
		53312968194B319E005187D8 /* SwiftTestTests.swift */ = {isa = PBXFileReference; lastKnownFileType = sourcecode.swift; path = SwiftTestTests.swift; sourceTree = "<group>"; };
		53507E6F196182500025276F /* libsqlite3.dylib */ = {isa = PBXFileReference; lastKnownFileType = "compiled.mach-o.dylib"; name = libsqlite3.dylib; path = usr/lib/libsqlite3.dylib; sourceTree = SDKROOT; };
		53BA93EF195C647C0097676F /* Base */ = {isa = PBXFileReference; lastKnownFileType = file.storyboard; name = Base; path = Base.lproj/Main.storyboard; sourceTree = "<group>"; };
		53BA941E195C6C8A0097676F /* NextViewController.swift */ = {isa = PBXFileReference; fileEncoding = 4; lastKnownFileType = sourcecode.swift; path = NextViewController.swift; sourceTree = "<group>"; };
		53EEE8851964097C008ED249 /* Bridge.h */ = {isa = PBXFileReference; fileEncoding = 4; lastKnownFileType = sourcecode.c.h; path = Bridge.h; sourceTree = "<group>"; };
		53EEE8861964097C008ED249 /* Bridge.m */ = {isa = PBXFileReference; fileEncoding = 4; lastKnownFileType = sourcecode.c.objc; path = Bridge.m; sourceTree = "<group>"; };
		53EEE8871964097C008ED249 /* Bridging-Header.h */ = {isa = PBXFileReference; fileEncoding = 4; lastKnownFileType = sourcecode.c.h; path = "Bridging-Header.h"; sourceTree = "<group>"; };
		53EEE889196409E8008ED249 /* SQLiteDB.swift */ = {isa = PBXFileReference; fileEncoding = 4; lastKnownFileType = sourcecode.swift; path = SQLiteDB.swift; sourceTree = "<group>"; };
		53F087AC195856A300F238F2 /* MyPlayground.playground */ = {isa = PBXFileReference; lastKnownFileType = file.playground; path = MyPlayground.playground; sourceTree = "<group>"; };
/* End PBXFileReference section */

/* Begin PBXFrameworksBuildPhase section */
		5331294D194B319E005187D8 /* Frameworks */ = {
			isa = PBXFrameworksBuildPhase;
			buildActionMask = 2147483647;
			files = (
				53507E70196182500025276F /* libsqlite3.dylib in Frameworks */,
			);
			runOnlyForDeploymentPostprocessing = 0;
		};
		5331295F194B319E005187D8 /* Frameworks */ = {
			isa = PBXFrameworksBuildPhase;
			buildActionMask = 2147483647;
			files = (
			);
			runOnlyForDeploymentPostprocessing = 0;
		};
/* End PBXFrameworksBuildPhase section */

/* Begin PBXGroup section */
		53312947194B319E005187D8 = {
			isa = PBXGroup;
			children = (
				53507E6F196182500025276F /* libsqlite3.dylib */,
				53069840195ACE0600BD275F /* ArtWork.swift */,
				53F087AC195856A300F238F2 /* MyPlayground.playground */,
				53312952194B319E005187D8 /* SwiftTest */,
				53312965194B319E005187D8 /* SwiftTestTests */,
				53312951194B319E005187D8 /* Products */,
			);
			sourceTree = "<group>";
		};
		53312951194B319E005187D8 /* Products */ = {
			isa = PBXGroup;
			children = (
				53312950194B319E005187D8 /* SwiftTest.app */,
				53312962194B319E005187D8 /* SwiftTestTests.xctest */,
			);
			name = Products;
			sourceTree = "<group>";
		};
		53312952194B319E005187D8 /* SwiftTest */ = {
			isa = PBXGroup;
			children = (
				53312955194B319E005187D8 /* AppDelegate.swift */,
				53312957194B319E005187D8 /* ViewController.swift */,
				53BA941E195C6C8A0097676F /* NextViewController.swift */,
				53BA93EE195C647C0097676F /* Main.storyboard */,
				5331295C194B319E005187D8 /* Images.xcassets */,
				53EEE8851964097C008ED249 /* Bridge.h */,
				53EEE8861964097C008ED249 /* Bridge.m */,
				53EEE8871964097C008ED249 /* Bridging-Header.h */,
				53EEE889196409E8008ED249 /* SQLiteDB.swift */,
				53312953194B319E005187D8 /* Supporting Files */,
			);
			path = SwiftTest;
			sourceTree = "<group>";
		};
		53312953194B319E005187D8 /* Supporting Files */ = {
			isa = PBXGroup;
			children = (
				53312954194B319E005187D8 /* Info.plist */,
			);
			name = "Supporting Files";
			sourceTree = "<group>";
		};
		53312965194B319E005187D8 /* SwiftTestTests */ = {
			isa = PBXGroup;
			children = (
				53312968194B319E005187D8 /* SwiftTestTests.swift */,
				53312966194B319E005187D8 /* Supporting Files */,
			);
			path = SwiftTestTests;
			sourceTree = "<group>";
		};
		53312966194B319E005187D8 /* Supporting Files */ = {
			isa = PBXGroup;
			children = (
				53312967194B319E005187D8 /* Info.plist */,
			);
			name = "Supporting Files";
			sourceTree = "<group>";
		};
/* End PBXGroup section */

/* Begin PBXNativeTarget section */
		5331294F194B319E005187D8 /* SwiftTest */ = {
			isa = PBXNativeTarget;
			buildConfigurationList = 5331296C194B319E005187D8 /* Build configuration list for PBXNativeTarget "SwiftTest" */;
			buildPhases = (
				5331294C194B319E005187D8 /* Sources */,
				5331294D194B319E005187D8 /* Frameworks */,
				5331294E194B319E005187D8 /* Resources */,
			);
			buildRules = (
			);
			dependencies = (
			);
			name = SwiftTest;
			productName = SwiftTest;
			productReference = 53312950194B319E005187D8 /* SwiftTest.app */;
			productType = "com.apple.product-type.application";
		};
		53312961194B319E005187D8 /* SwiftTestTests */ = {
			isa = PBXNativeTarget;
			buildConfigurationList = 5331296F194B319E005187D8 /* Build configuration list for PBXNativeTarget "SwiftTestTests" */;
			buildPhases = (
				5331295E194B319E005187D8 /* Sources */,
				5331295F194B319E005187D8 /* Frameworks */,
				53312960194B319E005187D8 /* Resources */,
			);
			buildRules = (
			);
			dependencies = (
				53312964194B319E005187D8 /* PBXTargetDependency */,
			);
			name = SwiftTestTests;
			productName = SwiftTestTests;
			productReference = 53312962194B319E005187D8 /* SwiftTestTests.xctest */;
			productType = "com.apple.product-type.bundle.unit-test";
		};
/* End PBXNativeTarget section */

/* Begin PBXProject section */
		53312948194B319E005187D8 /* Project object */ = {
			isa = PBXProject;
			attributes = {
				LastUpgradeCheck = 0600;
				ORGANIZATIONNAME = keytree;
				TargetAttributes = {
					5331294F194B319E005187D8 = {
						CreatedOnToolsVersion = 6.0;
					};
					53312961194B319E005187D8 = {
						CreatedOnToolsVersion = 6.0;
						TestTargetID = 5331294F194B319E005187D8;
					};
				};
			};
			buildConfigurationList = 5331294B194B319E005187D8 /* Build configuration list for PBXProject "SwiftTest" */;
			compatibilityVersion = "Xcode 3.2";
			developmentRegion = English;
			hasScannedForEncodings = 0;
			knownRegions = (
				en,
				Base,
			);
			mainGroup = 53312947194B319E005187D8;
			productRefGroup = 53312951194B319E005187D8 /* Products */;
			projectDirPath = "";
			projectRoot = "";
			targets = (
				5331294F194B319E005187D8 /* SwiftTest */,
				53312961194B319E005187D8 /* SwiftTestTests */,
			);
		};
/* End PBXProject section */

/* Begin PBXResourcesBuildPhase section */
		5331294E194B319E005187D8 /* Resources */ = {
			isa = PBXResourcesBuildPhase;
			buildActionMask = 2147483647;
			files = (
				5331295D194B319E005187D8 /* Images.xcassets in Resources */,
				53BA93F0195C647C0097676F /* Main.storyboard in Resources */,
			);
			runOnlyForDeploymentPostprocessing = 0;
		};
		53312960194B319E005187D8 /* Resources */ = {
			isa = PBXResourcesBuildPhase;
			buildActionMask = 2147483647;
			files = (
			);
			runOnlyForDeploymentPostprocessing = 0;
		};
/* End PBXResourcesBuildPhase section */

/* Begin PBXSourcesBuildPhase section */
		5331294C194B319E005187D8 /* Sources */ = {
			isa = PBXSourcesBuildPhase;
			buildActionMask = 2147483647;
			files = (
				53312958194B319E005187D8 /* ViewController.swift in Sources */,
				53BA941F195C6C8A0097676F /* NextViewController.swift in Sources */,
				53EEE8881964097C008ED249 /* Bridge.m in Sources */,
				53EEE88A196409E8008ED249 /* SQLiteDB.swift in Sources */,
				53312956194B319E005187D8 /* AppDelegate.swift in Sources */,
				53069841195ACE0600BD275F /* ArtWork.swift in Sources */,
			);
			runOnlyForDeploymentPostprocessing = 0;
		};
		5331295E194B319E005187D8 /* Sources */ = {
			isa = PBXSourcesBuildPhase;
			buildActionMask = 2147483647;
			files = (
				53312969194B319E005187D8 /* SwiftTestTests.swift in Sources */,
			);
			runOnlyForDeploymentPostprocessing = 0;
		};
/* End PBXSourcesBuildPhase section */

/* Begin PBXTargetDependency section */
		53312964194B319E005187D8 /* PBXTargetDependency */ = {
			isa = PBXTargetDependency;
			target = 5331294F194B319E005187D8 /* SwiftTest */;
			targetProxy = 53312963194B319E005187D8 /* PBXContainerItemProxy */;
		};
/* End PBXTargetDependency section */

/* Begin PBXVariantGroup section */
		53BA93EE195C647C0097676F /* Main.storyboard */ = {
			isa = PBXVariantGroup;
			children = (
				53BA93EF195C647C0097676F /* Base */,
			);
			name = Main.storyboard;
			sourceTree = "<group>";
		};
/* End PBXVariantGroup section */

/* Begin XCBuildConfiguration section */
		5331296A194B319E005187D8 /* Debug */ = {
			isa = XCBuildConfiguration;
			buildSettings = {
				ALWAYS_SEARCH_USER_PATHS = NO;
				CLANG_CXX_LANGUAGE_STANDARD = "gnu++0x";
				CLANG_CXX_LIBRARY = "libc++";
				CLANG_ENABLE_MODULES = YES;
				CLANG_ENABLE_OBJC_ARC = YES;
				CLANG_WARN_BOOL_CONVERSION = YES;
				CLANG_WARN_CONSTANT_CONVERSION = YES;
				CLANG_WARN_DIRECT_OBJC_ISA_USAGE = YES_ERROR;
				CLANG_WARN_EMPTY_BODY = YES;
				CLANG_WARN_ENUM_CONVERSION = YES;
				CLANG_WARN_INT_CONVERSION = YES;
				CLANG_WARN_OBJC_ROOT_CLASS = YES_ERROR;
				CLANG_WARN_UNREACHABLE_CODE = YES;
				CLANG_WARN__DUPLICATE_METHOD_MATCH = YES;
				"CODE_SIGN_IDENTITY[sdk=iphoneos*]" = "iPhone Developer";
				COPY_PHASE_STRIP = NO;
				ENABLE_STRICT_OBJC_MSGSEND = YES;
				GCC_C_LANGUAGE_STANDARD = gnu99;
				GCC_DYNAMIC_NO_PIC = NO;
				GCC_OPTIMIZATION_LEVEL = 0;
				GCC_PREPROCESSOR_DEFINITIONS = (
					"DEBUG=1",
					"$(inherited)",
				);
				GCC_SYMBOLS_PRIVATE_EXTERN = NO;
				GCC_WARN_64_TO_32_BIT_CONVERSION = YES;
				GCC_WARN_ABOUT_RETURN_TYPE = YES_ERROR;
				GCC_WARN_UNDECLARED_SELECTOR = YES;
				GCC_WARN_UNINITIALIZED_AUTOS = YES_AGGRESSIVE;
				GCC_WARN_UNUSED_FUNCTION = YES;
				GCC_WARN_UNUSED_VARIABLE = YES;
				IPHONEOS_DEPLOYMENT_TARGET = 8.0;
				METAL_ENABLE_DEBUG_INFO = YES;
				ONLY_ACTIVE_ARCH = YES;
				SDKROOT = iphoneos;
				SWIFT_OBJC_BRIDGING_HEADER = "";
				"SWIFT_OBJC_BRIDGING_HEADER[arch=*]" = "";
				SWIFT_OPTIMIZATION_LEVEL = "-Onone";
				TARGETED_DEVICE_FAMILY = "1,2";
			};
			name = Debug;
		};
		5331296B194B319E005187D8 /* Release */ = {
			isa = XCBuildConfiguration;
			buildSettings = {
				ALWAYS_SEARCH_USER_PATHS = NO;
				CLANG_CXX_LANGUAGE_STANDARD = "gnu++0x";
				CLANG_CXX_LIBRARY = "libc++";
				CLANG_ENABLE_MODULES = YES;
				CLANG_ENABLE_OBJC_ARC = YES;
				CLANG_WARN_BOOL_CONVERSION = YES;
				CLANG_WARN_CONSTANT_CONVERSION = YES;
				CLANG_WARN_DIRECT_OBJC_ISA_USAGE = YES_ERROR;
				CLANG_WARN_EMPTY_BODY = YES;
				CLANG_WARN_ENUM_CONVERSION = YES;
				CLANG_WARN_INT_CONVERSION = YES;
				CLANG_WARN_OBJC_ROOT_CLASS = YES_ERROR;
				CLANG_WARN_UNREACHABLE_CODE = YES;
				CLANG_WARN__DUPLICATE_METHOD_MATCH = YES;
				"CODE_SIGN_IDENTITY[sdk=iphoneos*]" = "iPhone Developer";
				COPY_PHASE_STRIP = YES;
				ENABLE_NS_ASSERTIONS = NO;
				ENABLE_STRICT_OBJC_MSGSEND = YES;
				GCC_C_LANGUAGE_STANDARD = gnu99;
				GCC_WARN_64_TO_32_BIT_CONVERSION = YES;
				GCC_WARN_ABOUT_RETURN_TYPE = YES_ERROR;
				GCC_WARN_UNDECLARED_SELECTOR = YES;
				GCC_WARN_UNINITIALIZED_AUTOS = YES_AGGRESSIVE;
				GCC_WARN_UNUSED_FUNCTION = YES;
				GCC_WARN_UNUSED_VARIABLE = YES;
				IPHONEOS_DEPLOYMENT_TARGET = 8.0;
				METAL_ENABLE_DEBUG_INFO = NO;
				SDKROOT = iphoneos;
				SWIFT_OBJC_BRIDGING_HEADER = "";
				TARGETED_DEVICE_FAMILY = "1,2";
				VALIDATE_PRODUCT = YES;
			};
			name = Release;
		};
		5331296D194B319E005187D8 /* Debug */ = {
			isa = XCBuildConfiguration;
			buildSettings = {
				ASSETCATALOG_COMPILER_APPICON_NAME = AppIcon;
				ASSETCATALOG_COMPILER_LAUNCHIMAGE_NAME = LaunchImage;
				INFOPLIST_FILE = SwiftTest/Info.plist;
				LD_RUNPATH_SEARCH_PATHS = "$(inherited) @executable_path/Frameworks";
				PRODUCT_NAME = "$(TARGET_NAME)";
				SWIFT_OBJC_BRIDGING_HEADER = "SwiftTest/Bridging-Header.h";
				"SWIFT_OBJC_BRIDGING_HEADER[arch=*]" = "SwiftTest/Bridging-Header.h";
			};
			name = Debug;
		};
		5331296E194B319E005187D8 /* Release */ = {
			isa = XCBuildConfiguration;
			buildSettings = {
				ASSETCATALOG_COMPILER_APPICON_NAME = AppIcon;
				ASSETCATALOG_COMPILER_LAUNCHIMAGE_NAME = LaunchImage;
				INFOPLIST_FILE = SwiftTest/Info.plist;
				LD_RUNPATH_SEARCH_PATHS = "$(inherited) @executable_path/Frameworks";
				PRODUCT_NAME = "$(TARGET_NAME)";
				SWIFT_OBJC_BRIDGING_HEADER = "SwiftTest/Bridging-Header.h";
			};
			name = Release;
		};
		53312970194B319E005187D8 /* Debug */ = {
			isa = XCBuildConfiguration;
			buildSettings = {
				BUNDLE_LOADER = "$(BUILT_PRODUCTS_DIR)/SwiftTest.app/SwiftTest";
				FRAMEWORK_SEARCH_PATHS = (
					"$(SDKROOT)/Developer/Library/Frameworks",
					"$(inherited)",
				);
				GCC_PREPROCESSOR_DEFINITIONS = (
					"DEBUG=1",
					"$(inherited)",
				);
				INFOPLIST_FILE = SwiftTestTests/Info.plist;
				LD_RUNPATH_SEARCH_PATHS = "$(inherited) @executable_path/Frameworks @loader_path/Frameworks";
				METAL_ENABLE_DEBUG_INFO = YES;
				PRODUCT_NAME = "$(TARGET_NAME)";
				TEST_HOST = "$(BUNDLE_LOADER)";
			};
			name = Debug;
		};
		53312971194B319E005187D8 /* Release */ = {
			isa = XCBuildConfiguration;
			buildSettings = {
				BUNDLE_LOADER = "$(BUILT_PRODUCTS_DIR)/SwiftTest.app/SwiftTest";
				FRAMEWORK_SEARCH_PATHS = (
					"$(SDKROOT)/Developer/Library/Frameworks",
					"$(inherited)",
				);
				INFOPLIST_FILE = SwiftTestTests/Info.plist;
				LD_RUNPATH_SEARCH_PATHS = "$(inherited) @executable_path/Frameworks @loader_path/Frameworks";
				METAL_ENABLE_DEBUG_INFO = NO;
				PRODUCT_NAME = "$(TARGET_NAME)";
				TEST_HOST = "$(BUNDLE_LOADER)";
			};
			name = Release;
		};
/* End XCBuildConfiguration section */

/* Begin XCConfigurationList section */
		5331294B194B319E005187D8 /* Build configuration list for PBXProject "SwiftTest" */ = {
			isa = XCConfigurationList;
			buildConfigurations = (
				5331296A194B319E005187D8 /* Debug */,
				5331296B194B319E005187D8 /* Release */,
			);
			defaultConfigurationIsVisible = 0;
			defaultConfigurationName = Release;
		};
		5331296C194B319E005187D8 /* Build configuration list for PBXNativeTarget "SwiftTest" */ = {
			isa = XCConfigurationList;
			buildConfigurations = (
				5331296D194B319E005187D8 /* Debug */,
				5331296E194B319E005187D8 /* Release */,
			);
			defaultConfigurationIsVisible = 0;
			defaultConfigurationName = Release;
		};
		5331296F194B319E005187D8 /* Build configuration list for PBXNativeTarget "SwiftTestTests" */ = {
			isa = XCConfigurationList;
			buildConfigurations = (
				53312970194B319E005187D8 /* Debug */,
				53312971194B319E005187D8 /* Release */,
			);
			defaultConfigurationIsVisible = 0;
			defaultConfigurationName = Release;
		};
/* End XCConfigurationList section */
	};
	rootObject = 53312948194B319E005187D8 /* Project object */;
}
